
Microsoft Visual Studio Solution File, Format Version 12.00
# Visual Studio Version 17
VisualStudioVersion = 17.1.32421.90
MinimumVisualStudioVersion = 10.0.40219.1
Project("{FAE04EC0-301F-11D3-BF4B-00C04F79EFBC}") = "20.feladat", "20.feladat\20.feladat.csproj", "{8CD83DCE-864D-4D88-BEC9-5AF0AD4ED290}"
EndProject
Project("{FAE04EC0-301F-11D3-BF4B-00C04F79EFBC}") = "21.feladat", "21.feladat\21.feladat.csproj", "{D71E259D-A699-4777-A9F6-75B99597583C}"
EndProject
Project("{FAE04EC0-301F-11D3-BF4B-00C04F79EFBC}") = "22.feladat", "22.feladat\22.feladat.csproj", "{F748BA98-700C-4971-B2B3-55FC12C28156}"
EndProject
Project("{FAE04EC0-301F-11D3-BF4B-00C04F79EFBC}") = "23.feladat", "23.feladat\23.feladat.csproj", "{F8199020-5682-4C1A-B809-42B42E473E42}"
EndProject
Global
	GlobalSection(SolutionConfigurationPlatforms) = preSolution
		Debug|Any CPU = Debug|Any CPU
		Release|Any CPU = Release|Any CPU
	EndGlobalSection
	GlobalSection(ProjectConfigurationPlatforms) = postSolution
		{8CD83DCE-864D-4D88-BEC9-5AF0AD4ED290}.Debug|Any CPU.ActiveCfg = Debug|Any CPU
		{8CD83DCE-864D-4D88-BEC9-5AF0AD4ED290}.Debug|Any CPU.Build.0 = Debug|Any CPU
		{8CD83DCE-864D-4D88-BEC9-5AF0AD4ED290}.Release|Any CPU.ActiveCfg = Release|Any CPU
		{8CD83DCE-864D-4D88-BEC9-5AF0AD4ED290}.Release|Any CPU.Build.0 = Release|Any CPU
		{D71E259D-A699-4777-A9F6-75B99597583C}.Debug|Any CPU.ActiveCfg = Debug|Any CPU
		{D71E259D-A699-4777-A9F6-75B99597583C}.Debug|Any CPU.Build.0 = Debug|Any CPU
		{D71E259D-A699-4777-A9F6-75B99597583C}.Release|Any CPU.ActiveCfg = Release|Any CPU
		{D71E259D-A699-4777-A9F6-75B99597583C}.Release|Any CPU.Build.0 = Release|Any CPU
		{F748BA98-700C-4971-B2B3-55FC12C28156}.Debug|Any CPU.ActiveCfg = Debug|Any CPU
		{F748BA98-700C-4971-B2B3-55FC12C28156}.Debug|Any CPU.Build.0 = Debug|Any CPU
		{F748BA98-700C-4971-B2B3-55FC12C28156}.Release|Any CPU.ActiveCfg = Release|Any CPU
		{F748BA98-700C-4971-B2B3-55FC12C28156}.Release|Any CPU.Build.0 = Release|Any CPU
		{F8199020-5682-4C1A-B809-42B42E473E42}.Debug|Any CPU.ActiveCfg = Debug|Any CPU
		{F8199020-5682-4C1A-B809-42B42E473E42}.Debug|Any CPU.Build.0 = Debug|Any CPU
		{F8199020-5682-4C1A-B809-42B42E473E42}.Release|Any CPU.ActiveCfg = Release|Any CPU
		{F8199020-5682-4C1A-B809-42B42E473E42}.Release|Any CPU.Build.0 = Release|Any CPU
	EndGlobalSection
	GlobalSection(SolutionProperties) = preSolution
		HideSolutionNode = FALSE
	EndGlobalSection
	GlobalSection(ExtensibilityGlobals) = postSolution
		SolutionGuid = {CA2377AE-950A-48DA-99A0-80C6BE61C537}
	EndGlobalSection
EndGlobal
